{
  "version": 4,
  "terraform_version": "0.12.0",
  "serial": 162,
  "lineage": "039f7d68-29fd-cbe1-8860-11426ad796ee",
  "outputs": {},
  "resources": [
    {
      "module": "module.Salt_Master",
      "mode": "data",
      "type": "template_file",
      "name": "grains",
      "provider": "provider.template",
      "instances": [
        {
          "schema_version": 0,
          "attributes": {
            "filename": null,
            "id": "de3b5ab6c1e545d47d0a96b438c10155fcac92df8ecc5ca3c17ceace2663814b",
            "rendered": "roles:\n  - master\nfqdn: saltm.terragon.us\n",
            "template": "roles:\n${roles}\nfqdn: ${fqdn}\n",
            "vars": {
              "fqdn": "saltm.terragon.us",
              "roles": "  - master"
            }
          }
        }
      ]
    },
    {
      "module": "module.CouchDBMasterNode",
      "mode": "data",
      "type": "template_file",
      "name": "grains",
      "provider": "provider.template",
      "instances": [
        {
          "schema_version": 0,
          "attributes": {
            "filename": null,
            "id": "aead7273940d0489c3f146587ee39f276a956a9c2ddf778df8bcdd55bc2f5710",
            "rendered": "roles:\n  - couchdb\n  - minion\n  - couchdbmaster\nfqdn: couchdb-a.terragon.us\n",
            "template": "roles:\n${roles}\nfqdn: ${fqdn}\n",
            "vars": {
              "fqdn": "couchdb-a.terragon.us",
              "roles": "  - couchdb\n  - minion\n  - couchdbmaster"
            }
          }
        }
      ]
    },
    {
      "module": "module.Salt_Master",
      "mode": "data",
      "type": "template_file",
      "name": "master_config",
      "provider": "provider.template",
      "instances": [
        {
          "schema_version": 0,
          "attributes": {
            "filename": null,
            "id": "d1bc38d6837763f35594db338186745812afc28edfb76fd7ddc15d12d2a63ec4",
            "rendered": "interface: 68.183.18.127\nfileserver_backend:\n  - git\n  - minion\n  \ngitfs_remotes:\n  - https://github.com/terragon-social-club/infrastructure.git:\n    - mountpoint: salt:///\n      \ngitfs_root: salt\ntransport: zeromq\nfile_recv: True\n\nreactor:\n  - jenkins/build/succeeded:\n    - salt:///files/reactor/jenkins/post-build.sls\n",
            "template": "interface: ${private_ip}\nfileserver_backend:\n  - git\n  - minion\n  \ngitfs_remotes:\n  - https://github.com/terragon-social-club/infrastructure.git:\n    - mountpoint: salt:///\n      \ngitfs_root: salt\ntransport: zeromq\nfile_recv: True\n\nreactor:\n  - jenkins/build/succeeded:\n    - salt:///files/reactor/jenkins/post-build.sls\n",
            "vars": {
              "private_ip": "68.183.18.127"
            }
          },
          "depends_on": [
            "digitalocean_droplet.salt_master"
          ]
        }
      ]
    },
    {
      "module": "module.Salt_Master",
      "mode": "managed",
      "type": "digitalocean_droplet",
      "name": "salt_master",
      "provider": "provider.digitalocean",
      "instances": [
        {
          "schema_version": 1,
          "attributes": {
            "backups": false,
            "disk": 20,
            "id": "145608532",
            "image": "freebsd-12-x64-zfs",
            "ipv4_address": "68.183.18.127",
            "ipv4_address_private": "",
            "ipv6": false,
            "ipv6_address": "",
            "ipv6_address_private": "",
            "locked": false,
            "memory": 512,
            "monitoring": false,
            "name": "saltm",
            "price_hourly": 0.00744,
            "price_monthly": 5,
            "private_networking": false,
            "region": "nyc1",
            "resize_disk": true,
            "size": "512mb",
            "ssh_keys": [
              "2e:05:a5:d1:0f:9e:d8:4e:06:af:20:e7:d4:8b:7b:96"
            ],
            "status": "active",
            "tags": null,
            "urn": "do:droplet:145608532",
            "user_data": null,
            "vcpus": 1,
            "volume_ids": []
          }
        }
      ]
    },
    {
      "module": "module.CouchDBMasterNode",
      "mode": "managed",
      "type": "digitalocean_droplet",
      "name": "salt_minion",
      "provider": "provider.digitalocean",
      "instances": []
    },
    {
      "module": "module.Salt_Master",
      "mode": "managed",
      "type": "digitalocean_record",
      "name": "salt_master",
      "provider": "provider.digitalocean",
      "instances": [
        {
          "schema_version": 0,
          "attributes": {
            "domain": "terragon.us",
            "flags": 0,
            "fqdn": "saltm.terragon.us",
            "id": "72307175",
            "name": "saltm",
            "port": 0,
            "priority": 0,
            "tag": "",
            "ttl": 1800,
            "type": "A",
            "value": "68.183.18.127",
            "weight": 0
          },
          "depends_on": [
            "digitalocean_droplet.salt_master"
          ]
        }
      ]
    },
    {
      "module": "module.CouchDBMasterNode",
      "mode": "managed",
      "type": "digitalocean_record",
      "name": "salt_minion",
      "provider": "provider.digitalocean",
      "instances": []
    },
    {
      "mode": "managed",
      "type": "digitalocean_ssh_key",
      "name": "mike_keen_key",
      "provider": "provider.digitalocean",
      "instances": [
        {
          "schema_version": 0,
          "attributes": {
            "fingerprint": "2e:05:a5:d1:0f:9e:d8:4e:06:af:20:e7:d4:8b:7b:96",
            "id": "24695699",
            "name": "Mike Keen Key",
            "public_key": "ssh-rsa AAAAB3NzaC1yc2EAAAADAQABAAABAQDCCoAzVL4lES4Y7IWt/OuQVc7IIOzcFS40zslLW1hhwAiIgVC2Rt5K3yTYS+WlPj7KTg6Dq+lRVnSxwzXXZlNWVPuMJtNsUVhv5DjUnw+7ASj1ggfAglhtcmaMSyP96kT3w9IqWibwRWW9yxalDOa71cEYu/zVadWIRkH8j6dQkZpK2YojkCyMWHJ4q+BDcgeI96s5Wlw2vFifkPDfTK4vG7cOIlarTsA0gl8sXOf/XO5iuAVYLqvRMgvGsFWhB90NllzJ9gSuo8is59xdQfCzzL0PoZtkwf0LSoGGGfkedQYk8RbR8vshSXEls85jspqRnxczB57YMfyfXOZ43UeB mkeen@membersuite.com"
          }
        }
      ]
    },
    {
      "module": "module.Salt_Master",
      "mode": "managed",
      "type": "digitalocean_ssh_key",
      "name": "salt_master_key",
      "provider": "provider.digitalocean",
      "instances": []
    },
    {
      "module": "module.Salt_Master",
      "mode": "managed",
      "type": "null_resource",
      "name": "copy_master_public_key",
      "provider": "provider.null",
      "instances": [
        {
          "schema_version": 0,
          "attributes": {
            "id": "5378643030865687052",
            "triggers": {
              "id": "145608532"
            }
          },
          "depends_on": [
            "digitalocean_droplet.salt_master"
          ]
        }
      ]
    },
    {
      "module": "module.CouchDBMasterNode",
      "mode": "managed",
      "type": "null_resource",
      "name": "generate_minion_key_master",
      "provider": "provider.null",
      "instances": []
    },
    {
      "module": "module.Salt_Master",
      "mode": "managed",
      "type": "null_resource",
      "name": "master_install_configure",
      "provider": "provider.null",
      "instances": [
        {
          "schema_version": 0,
          "attributes": {
            "id": "828311976246283711",
            "triggers": {
              "id": "145608532"
            }
          },
          "depends_on": [
            "data.template_file.grains",
            "data.template_file.master_config",
            "digitalocean_droplet.salt_master",
            "digitalocean_record.salt_master"
          ]
        }
      ]
    },
    {
      "module": "module.CouchDBMasterNode",
      "mode": "managed",
      "type": "null_resource",
      "name": "salt_minion_start",
      "provider": "provider.null",
      "instances": []
    }
  ]
}
