{
    "version": 3,
    "terraform_version": "0.11.14",
    "serial": 179,
    "lineage": "1078cb56-bde7-b784-8c2e-ca1855e6112f",
    "modules": [
        {
            "path": [
                "root"
            ],
            "outputs": {},
            "resources": {
                "data.local_file.mike_key": {
                    "type": "local_file",
                    "depends_on": [],
                    "primary": {
                        "id": "521b23dda8f2e568a4172b6c49f8ced08f150987",
                        "attributes": {
                            "content": "ssh-rsa AAAAB3NzaC1yc2EAAAADAQABAAABAQDCCoAzVL4lES4Y7IWt/OuQVc7IIOzcFS40zslLW1hhwAiIgVC2Rt5K3yTYS+WlPj7KTg6Dq+lRVnSxwzXXZlNWVPuMJtNsUVhv5DjUnw+7ASj1ggfAglhtcmaMSyP96kT3w9IqWibwRWW9yxalDOa71cEYu/zVadWIRkH8j6dQkZpK2YojkCyMWHJ4q+BDcgeI96s5Wlw2vFifkPDfTK4vG7cOIlarTsA0gl8sXOf/XO5iuAVYLqvRMgvGsFWhB90NllzJ9gSuo8is59xdQfCzzL0PoZtkwf0LSoGGGfkedQYk8RbR8vshSXEls85jspqRnxczB57YMfyfXOZ43UeB mkeen@membersuite.com\n",
                            "filename": "/home/guest/.ssh/id_rsa.pub",
                            "id": "521b23dda8f2e568a4172b6c49f8ced08f150987"
                        },
                        "meta": {},
                        "tainted": false
                    },
                    "deposed": [],
                    "provider": "provider.local"
                },
                "digitalocean_ssh_key.mike_keen_key": {
                    "type": "digitalocean_ssh_key",
                    "depends_on": [
                        "data.local_file.mike_key"
                    ],
                    "primary": {
                        "id": "24653811",
                        "attributes": {
                            "fingerprint": "2e:05:a5:d1:0f:9e:d8:4e:06:af:20:e7:d4:8b:7b:96",
                            "id": "24653811",
                            "name": "Mike Keen Key",
                            "public_key": "ssh-rsa AAAAB3NzaC1yc2EAAAADAQABAAABAQDCCoAzVL4lES4Y7IWt/OuQVc7IIOzcFS40zslLW1hhwAiIgVC2Rt5K3yTYS+WlPj7KTg6Dq+lRVnSxwzXXZlNWVPuMJtNsUVhv5DjUnw+7ASj1ggfAglhtcmaMSyP96kT3w9IqWibwRWW9yxalDOa71cEYu/zVadWIRkH8j6dQkZpK2YojkCyMWHJ4q+BDcgeI96s5Wlw2vFifkPDfTK4vG7cOIlarTsA0gl8sXOf/XO5iuAVYLqvRMgvGsFWhB90NllzJ9gSuo8is59xdQfCzzL0PoZtkwf0LSoGGGfkedQYk8RbR8vshSXEls85jspqRnxczB57YMfyfXOZ43UeB mkeen@membersuite.com"
                        },
                        "meta": {},
                        "tainted": false
                    },
                    "deposed": [],
                    "provider": "provider.digitalocean"
                }
            },
            "depends_on": []
        },
        {
            "path": [
                "root",
                "CouchDBMasterNode"
            ],
            "outputs": {},
            "resources": {
                "data.template_file.grains": {
                    "type": "template_file",
                    "depends_on": [],
                    "primary": {
                        "id": "aead7273940d0489c3f146587ee39f276a956a9c2ddf778df8bcdd55bc2f5710",
                        "attributes": {
                            "id": "aead7273940d0489c3f146587ee39f276a956a9c2ddf778df8bcdd55bc2f5710",
                            "rendered": "roles:\n  - couchdb\n  - minion\n  - couchdbmaster\nfqdn: couchdb-a.terragon.us\n",
                            "template": "roles:\n${roles}\nfqdn: ${fqdn}\n",
                            "vars.%": "2",
                            "vars.fqdn": "couchdb-a.terragon.us",
                            "vars.roles": "  - couchdb\n  - minion\n  - couchdbmaster"
                        },
                        "meta": {},
                        "tainted": false
                    },
                    "deposed": [],
                    "provider": "provider.template"
                }
            },
            "depends_on": []
        },
        {
            "path": [
                "root",
                "Salt_Master"
            ],
            "outputs": {
                "salt_master_private_ip_address": {
                    "sensitive": false,
                    "type": "string",
                    "value": "10.136.70.248"
                },
                "salt_master_public_ip_address": {
                    "sensitive": false,
                    "type": "string",
                    "value": "157.230.221.243"
                }
            },
            "resources": {
                "data.template_file.grains": {
                    "type": "template_file",
                    "depends_on": [],
                    "primary": {
                        "id": "de3b5ab6c1e545d47d0a96b438c10155fcac92df8ecc5ca3c17ceace2663814b",
                        "attributes": {
                            "id": "de3b5ab6c1e545d47d0a96b438c10155fcac92df8ecc5ca3c17ceace2663814b",
                            "rendered": "roles:\n  - master\nfqdn: saltm.terragon.us\n",
                            "template": "roles:\n${roles}\nfqdn: ${fqdn}\n",
                            "vars.%": "2",
                            "vars.fqdn": "saltm.terragon.us",
                            "vars.roles": "  - master"
                        },
                        "meta": {},
                        "tainted": false
                    },
                    "deposed": [],
                    "provider": "provider.template"
                },
                "data.template_file.master_config": {
                    "type": "template_file",
                    "depends_on": [
                        "digitalocean_droplet.salt_master"
                    ],
                    "primary": {
                        "id": "ded9cd9d3c822591901f6b6f917b28d722216e98da9d2f15989059d77110c418",
                        "attributes": {
                            "id": "ded9cd9d3c822591901f6b6f917b28d722216e98da9d2f15989059d77110c418",
                            "rendered": "interface: 10.136.70.248\nfileserver_backend:\n  - git\n  - minion\n  \ngitfs_remotes:\n  - https://github.com/terragon-social-club/infrastructure.git:\n    - mountpoint: salt:///\n      \ngitfs_root: salt\ntransport: zeromq\nfile_recv: True\n\nreactor:\n  - jenkins/build/succeeded:\n    - salt:///files/reactor/jenkins/post-build.sls\n",
                            "template": "interface: ${private_ip}\nfileserver_backend:\n  - git\n  - minion\n  \ngitfs_remotes:\n  - https://github.com/terragon-social-club/infrastructure.git:\n    - mountpoint: salt:///\n      \ngitfs_root: salt\ntransport: zeromq\nfile_recv: True\n\nreactor:\n  - jenkins/build/succeeded:\n    - salt:///files/reactor/jenkins/post-build.sls\n",
                            "vars.%": "1",
                            "vars.private_ip": "10.136.70.248"
                        },
                        "meta": {},
                        "tainted": false
                    },
                    "deposed": [],
                    "provider": "provider.template"
                },
                "digitalocean_droplet.salt_master": {
                    "type": "digitalocean_droplet",
                    "depends_on": [],
                    "primary": {
                        "id": "144973532",
                        "attributes": {
                            "backups": "true",
                            "disk": "20",
                            "id": "144973532",
                            "image": "freebsd-11-2-x64-zfs",
                            "ipv4_address": "134.209.68.192",
                            "ipv4_address_private": "10.136.195.197",
                            "ipv6": "false",
                            "ipv6_address": "",
                            "ipv6_address_private": "",
                            "locked": "false",
                            "memory": "512",
                            "monitoring": "false",
                            "name": "saltm",
                            "price_hourly": "0.00744",
                            "price_monthly": "5",
                            "private_networking": "true",
                            "region": "nyc1",
                            "resize_disk": "true",
                            "size": "512mb",
                            "ssh_keys.#": "1",
                            "ssh_keys.88836215": "2e:05:a5:d1:0f:9e:d8:4e:06:af:20:e7:d4:8b:7b:96",
                            "status": "active",
                            "tags.#": "0",
                            "urn": "do:droplet:144973532",
                            "vcpus": "1",
                            "volume_ids.#": "0"
                        },
                        "meta": {
                            "schema_version": "1"
                        },
                        "tainted": true
                    },
                    "deposed": [],
                    "provider": "provider.digitalocean"
                }
            },
            "depends_on": []
        }
    ]
}
