{
  "version": 4,
  "terraform_version": "0.12.0",
  "serial": 26,
  "lineage": "fcc2f08b-1d42-7c9c-9627-368337cc12d9",
  "outputs": {},
  "resources": [
    {
      "module": "module.Salt_Master",
      "mode": "data",
      "type": "local_file",
      "name": "salt_master_key",
      "provider": "provider.local",
      "instances": [
        {
          "schema_version": 0,
          "attributes": {
            "content": "ssh-rsa AAAAB3NzaC1yc2EAAAADAQABAAABAQDGfXDhQZSr+5TjO9MoezwvLCpMl2E9U5RHtqxsfGxyZ8aK/+iV7TdapLqYf+WmKe0CrvadTUVdtleNJXxDTYKligTOYax7jfzM/LiFPk01QVEvS1wlDqhee4KV6caNLTPaCGb5bMMgTaGU82al/T8lhf7WiD8Vt3w0CP/ZXJznvqB0Iffl+/QgEj8vniwLC364ZezoDoADoXGkXZ0DVPS0Ifa7lbW1dzmF2lDPDNoO6SRsjA2ktRs8FZO1PelgtkIq4+95FEilEyl4a1cowGJBh79iNLkmjCynrbdwuv6mMGGNKP/QZ/wc/3vwMIy4uffeC7zYHRvSGizpnhaGLMkZ root@saltm\n",
            "filename": "modules/salt-master/../../../keys/generated/145735957.pub",
            "id": "c9fb441a2b4e09ea2c943dd631ffee204f0f61ae"
          },
          "depends_on": [
            "digitalocean_droplet.salt_master"
          ]
        }
      ]
    },
    {
      "module": "module.Salt_Master",
      "mode": "data",
      "type": "template_file",
      "name": "grains",
      "provider": "provider.template",
      "instances": [
        {
          "schema_version": 0,
          "attributes": {
            "filename": null,
            "id": "de3b5ab6c1e545d47d0a96b438c10155fcac92df8ecc5ca3c17ceace2663814b",
            "rendered": "roles:\n  - master\nfqdn: saltm.terragon.us\n",
            "template": "roles:\n${roles}\nfqdn: ${fqdn}\n",
            "vars": {
              "fqdn": "saltm.terragon.us",
              "roles": "  - master"
            }
          }
        }
      ]
    },
    {
      "module": "module.Jenkins",
      "mode": "data",
      "type": "template_file",
      "name": "grains",
      "provider": "provider.template",
      "instances": [
        {
          "schema_version": 0,
          "attributes": {
            "filename": null,
            "id": "b8b1e29938c019bb0d5c971e26cac5e9254344f042c2e6369a264d2ad5e2001b",
            "rendered": "roles:\n  - jenkins\n  - minion\nfqdn: jenkins.terragon.us\n",
            "template": "roles:\n${roles}\nfqdn: ${fqdn}\n",
            "vars": {
              "fqdn": "jenkins.terragon.us",
              "roles": "  - jenkins\n  - minion"
            }
          }
        }
      ]
    },
    {
      "module": "module.Salt_Master",
      "mode": "data",
      "type": "template_file",
      "name": "master_config",
      "provider": "provider.template",
      "instances": [
        {
          "schema_version": 0,
          "attributes": {
            "filename": null,
            "id": "03f51b6fa5871d8da11782292ea1765bf87c75755a0992c7f9cd9d546cf9e729",
            "rendered": "interface: 134.209.217.212\nfileserver_backend:\n  - git\n  - minion\n  \ngitfs_remotes:\n  - https://github.com/terragon-social-club/infrastructure.git:\n    - mountpoint: salt:///\n      \ngitfs_root: salt\ntransport: zeromq\nfile_recv: True\n\nreactor:\n  - jenkins/build/succeeded:\n    - salt:///files/reactor/jenkins/post-build.sls\n",
            "template": "interface: ${private_ip}\nfileserver_backend:\n  - git\n  - minion\n  \ngitfs_remotes:\n  - https://github.com/terragon-social-club/infrastructure.git:\n    - mountpoint: salt:///\n      \ngitfs_root: salt\ntransport: zeromq\nfile_recv: True\n\nreactor:\n  - jenkins/build/succeeded:\n    - salt:///files/reactor/jenkins/post-build.sls\n",
            "vars": {
              "private_ip": "134.209.217.212"
            }
          },
          "depends_on": [
            "digitalocean_droplet.salt_master"
          ]
        }
      ]
    },
    {
      "module": "module.Salt_Master",
      "mode": "managed",
      "type": "digitalocean_droplet",
      "name": "salt_master",
      "provider": "provider.digitalocean",
      "instances": [
        {
          "schema_version": 1,
          "attributes": {
            "backups": false,
            "disk": 20,
            "id": "145735957",
            "image": "freebsd-12-x64-zfs",
            "ipv4_address": "134.209.217.212",
            "ipv4_address_private": "",
            "ipv6": false,
            "ipv6_address": "",
            "ipv6_address_private": "",
            "locked": false,
            "memory": 512,
            "monitoring": false,
            "name": "saltm",
            "price_hourly": 0.00744,
            "price_monthly": 5,
            "private_networking": false,
            "region": "nyc1",
            "resize_disk": true,
            "size": "512mb",
            "ssh_keys": [
              "2e:05:a5:d1:0f:9e:d8:4e:06:af:20:e7:d4:8b:7b:96"
            ],
            "status": "active",
            "tags": [],
            "urn": "do:droplet:145735957",
            "user_data": null,
            "vcpus": 1,
            "volume_ids": []
          }
        }
      ]
    },
    {
      "module": "module.Jenkins",
      "mode": "managed",
      "type": "digitalocean_droplet",
      "name": "salt_minion",
      "each": "list",
      "provider": "provider.digitalocean",
      "instances": []
    },
    {
      "module": "module.Salt_Master",
      "mode": "managed",
      "type": "digitalocean_record",
      "name": "salt_master",
      "provider": "provider.digitalocean",
      "instances": [
        {
          "schema_version": 0,
          "attributes": {
            "domain": "terragon.us",
            "flags": 0,
            "fqdn": "saltm.terragon.us",
            "id": "72392253",
            "name": "saltm",
            "port": 0,
            "priority": 0,
            "tag": "",
            "ttl": 1800,
            "type": "A",
            "value": "134.209.217.212",
            "weight": 0
          },
          "depends_on": [
            "digitalocean_droplet.salt_master"
          ]
        }
      ]
    },
    {
      "module": "module.Jenkins",
      "mode": "managed",
      "type": "digitalocean_record",
      "name": "salt_minion",
      "each": "list",
      "provider": "provider.digitalocean",
      "instances": []
    },
    {
      "mode": "managed",
      "type": "digitalocean_ssh_key",
      "name": "mike_keen_key",
      "provider": "provider.digitalocean",
      "instances": [
        {
          "schema_version": 0,
          "attributes": {
            "fingerprint": "2e:05:a5:d1:0f:9e:d8:4e:06:af:20:e7:d4:8b:7b:96",
            "id": "24702344",
            "name": "Mike Keen Key",
            "public_key": "ssh-rsa AAAAB3NzaC1yc2EAAAADAQABAAABAQDCCoAzVL4lES4Y7IWt/OuQVc7IIOzcFS40zslLW1hhwAiIgVC2Rt5K3yTYS+WlPj7KTg6Dq+lRVnSxwzXXZlNWVPuMJtNsUVhv5DjUnw+7ASj1ggfAglhtcmaMSyP96kT3w9IqWibwRWW9yxalDOa71cEYu/zVadWIRkH8j6dQkZpK2YojkCyMWHJ4q+BDcgeI96s5Wlw2vFifkPDfTK4vG7cOIlarTsA0gl8sXOf/XO5iuAVYLqvRMgvGsFWhB90NllzJ9gSuo8is59xdQfCzzL0PoZtkwf0LSoGGGfkedQYk8RbR8vshSXEls85jspqRnxczB57YMfyfXOZ43UeB mkeen@membersuite.com"
          }
        }
      ]
    },
    {
      "module": "module.Salt_Master",
      "mode": "managed",
      "type": "digitalocean_ssh_key",
      "name": "salt_master_key",
      "provider": "provider.digitalocean",
      "instances": [
        {
          "schema_version": 0,
          "attributes": {
            "fingerprint": "df:b4:cd:9c:df:23:46:be:93:1c:01:6d:63:39:1f:6c",
            "id": "24702483",
            "name": "Salt Master Key 134.209.217.212",
            "public_key": "ssh-rsa AAAAB3NzaC1yc2EAAAADAQABAAABAQDGfXDhQZSr+5TjO9MoezwvLCpMl2E9U5RHtqxsfGxyZ8aK/+iV7TdapLqYf+WmKe0CrvadTUVdtleNJXxDTYKligTOYax7jfzM/LiFPk01QVEvS1wlDqhee4KV6caNLTPaCGb5bMMgTaGU82al/T8lhf7WiD8Vt3w0CP/ZXJznvqB0Iffl+/QgEj8vniwLC364ZezoDoADoXGkXZ0DVPS0Ifa7lbW1dzmF2lDPDNoO6SRsjA2ktRs8FZO1PelgtkIq4+95FEilEyl4a1cowGJBh79iNLkmjCynrbdwuv6mMGGNKP/QZ/wc/3vwMIy4uffeC7zYHRvSGizpnhaGLMkZ root@saltm"
          },
          "depends_on": [
            "data.local_file.salt_master_key",
            "digitalocean_droplet.salt_master"
          ]
        }
      ]
    },
    {
      "module": "module.Salt_Master",
      "mode": "managed",
      "type": "null_resource",
      "name": "master_install_configure",
      "provider": "provider.null",
      "instances": [
        {
          "schema_version": 0,
          "attributes": {
            "id": "6632537938265093488",
            "triggers": {
              "id": "145735957"
            }
          },
          "depends_on": [
            "data.template_file.grains",
            "data.template_file.master_config",
            "digitalocean_droplet.salt_master",
            "digitalocean_record.salt_master"
          ]
        }
      ]
    }
  ]
}
