{
  "version": 4,
  "terraform_version": "0.12.0",
  "serial": 248,
  "lineage": "fcc2f08b-1d42-7c9c-9627-368337cc12d9",
  "outputs": {},
  "resources": [
    {
      "module": "module.Salt_Master",
      "mode": "data",
      "type": "local_file",
      "name": "salt_master_key",
      "provider": "provider.local",
      "instances": [
        {
          "schema_version": 0,
          "attributes": {
            "content": "ssh-rsa AAAAB3NzaC1yc2EAAAADAQABAAABAQDa1lCI/HhkhYq94Xy/gl5syOWBd6VKMS0YYJXFEvDbhV7SkF+JNscQPC3zIYJyQw4KfPLILnq5N2oBmJxmVbCmg3+/9OGqfPgfP4ixYPdhp5glWRjwDxQGMLqSNfo9jvp/reQYee8TY0cKmfCmDDXAqt76/W29JoOJx6pVixj/LYAB42B1UHo1XqPO4gw+cudu8U/dXS9eM2m+jTXgm2JtrJhQIwfURQmpA0eT1dCws7qNhvPmF4R3bh+4w6DMkNfUtLAEUCzcfEQj5adHR3flXuOlV5rRFSVABtEvQg9gcMkpVum9sLWR3rXnYll1UsaG0c5my2+OU4LDcL4C6UQh root@saltm\n",
            "filename": "modules/salt-master/../../../keys/generated/145954049.pub",
            "id": "1ffa310d6f48c867a2cc65f63121cd3dd3a3d87b"
          },
          "depends_on": [
            "digitalocean_droplet.salt_master"
          ]
        }
      ]
    },
    {
      "module": "module.NodeJSApi-A",
      "mode": "data",
      "type": "template_file",
      "name": "grains",
      "provider": "provider.template",
      "instances": [
        {
          "schema_version": 0,
          "attributes": {
            "filename": null,
            "id": "c07712529bf30d3901727284413d6e46a26943e586269eb949497cd2aeff9089",
            "rendered": "roles:\n  - nodejsapi\n  - minion\nfqdn: nodejs-api-a.terragon.us\n",
            "template": "roles:\n${roles}\nfqdn: ${fqdn}\n",
            "vars": {
              "fqdn": "nodejs-api-a.terragon.us",
              "roles": "  - nodejsapi\n  - minion"
            }
          }
        }
      ]
    },
    {
      "module": "module.Jenkins",
      "mode": "data",
      "type": "template_file",
      "name": "grains",
      "provider": "provider.template",
      "instances": [
        {
          "schema_version": 0,
          "attributes": {
            "filename": null,
            "id": "b8b1e29938c019bb0d5c971e26cac5e9254344f042c2e6369a264d2ad5e2001b",
            "rendered": "roles:\n  - jenkins\n  - minion\nfqdn: jenkins.terragon.us\n",
            "template": "roles:\n${roles}\nfqdn: ${fqdn}\n",
            "vars": {
              "fqdn": "jenkins.terragon.us",
              "roles": "  - jenkins\n  - minion"
            }
          }
        }
      ]
    },
    {
      "module": "module.WebRedirectEndpoint",
      "mode": "data",
      "type": "template_file",
      "name": "grains",
      "provider": "provider.template",
      "instances": [
        {
          "schema_version": 0,
          "attributes": {
            "filename": null,
            "id": "2c129c6106d436218819a4831b24b58c6aca80e4c6659833e5ea6fd98d62112f",
            "rendered": "roles:\n  - redirect\n  - minion\nfqdn: web-redirect.terragon.us\n",
            "template": "roles:\n${roles}\nfqdn: ${fqdn}\n",
            "vars": {
              "fqdn": "web-redirect.terragon.us",
              "roles": "  - redirect\n  - minion"
            }
          }
        }
      ]
    },
    {
      "module": "module.CouchDB-A",
      "mode": "data",
      "type": "template_file",
      "name": "grains",
      "provider": "provider.template",
      "instances": [
        {
          "schema_version": 0,
          "attributes": {
            "filename": null,
            "id": "05f03d65ee0b68f5f62a3f6c403579da9da092881ef9b7ed16eb6434b1e6ab66",
            "rendered": "roles:\n  - couchdb\n  - minion\nfqdn: couchdb-a.terragon.us\n",
            "template": "roles:\n${roles}\nfqdn: ${fqdn}\n",
            "vars": {
              "fqdn": "couchdb-a.terragon.us",
              "roles": "  - couchdb\n  - minion"
            }
          }
        }
      ]
    },
    {
      "module": "module.Salt_Master",
      "mode": "data",
      "type": "template_file",
      "name": "grains",
      "provider": "provider.template",
      "instances": [
        {
          "schema_version": 0,
          "attributes": {
            "filename": null,
            "id": "de3b5ab6c1e545d47d0a96b438c10155fcac92df8ecc5ca3c17ceace2663814b",
            "rendered": "roles:\n  - master\nfqdn: saltm.terragon.us\n",
            "template": "roles:\n${roles}\nfqdn: ${fqdn}\n",
            "vars": {
              "fqdn": "saltm.terragon.us",
              "roles": "  - master"
            }
          }
        }
      ]
    },
    {
      "module": "module.Salt_Master",
      "mode": "data",
      "type": "template_file",
      "name": "master_config",
      "provider": "provider.template",
      "instances": [
        {
          "schema_version": 0,
          "attributes": {
            "filename": null,
            "id": "c13db5a9503e2d5c417205c605699227eb770733135737bd757e32522c9b057c",
            "rendered": "interface: 206.189.239.239\nfileserver_backend:\n  - git\n  - minion\n  \ngitfs_remotes:\n  - https://github.com/terragon-social-club/infrastructure.git:\n    - mountpoint: salt:///\n      \ngitfs_root: salt\ntransport: zeromq\nfile_recv: True\n\nreactor:\n  - jenkins/build/succeeded:\n    - salt:///files/reactor/jenkins/post-build.sls\n",
            "template": "interface: ${private_ip}\nfileserver_backend:\n  - git\n  - minion\n  \ngitfs_remotes:\n  - https://github.com/terragon-social-club/infrastructure.git:\n    - mountpoint: salt:///\n      \ngitfs_root: salt\ntransport: zeromq\nfile_recv: True\n\nreactor:\n  - jenkins/build/succeeded:\n    - salt:///files/reactor/jenkins/post-build.sls\n",
            "vars": {
              "private_ip": "206.189.239.239"
            }
          },
          "depends_on": [
            "digitalocean_droplet.salt_master"
          ]
        }
      ]
    },
    {
      "module": "module.Salt_Master",
      "mode": "managed",
      "type": "digitalocean_droplet",
      "name": "salt_master",
      "provider": "provider.digitalocean",
      "instances": [
        {
          "schema_version": 1,
          "attributes": {
            "backups": false,
            "disk": 20,
            "id": "145954049",
            "image": "freebsd-12-x64-zfs",
            "ipv4_address": "206.189.239.239",
            "ipv4_address_private": "",
            "ipv6": false,
            "ipv6_address": "",
            "ipv6_address_private": "",
            "locked": false,
            "memory": 512,
            "monitoring": false,
            "name": "saltm",
            "price_hourly": 0.00744,
            "price_monthly": 5,
            "private_networking": false,
            "region": "nyc1",
            "resize_disk": true,
            "size": "512mb",
            "ssh_keys": [
              "3b:66:34:e8:d7:90:64:c2:01:c7:37:be:c4:39:e8:f6"
            ],
            "status": "active",
            "tags": [],
            "urn": "do:droplet:145954049",
            "user_data": null,
            "vcpus": 1,
            "volume_ids": []
          }
        }
      ]
    },
    {
      "module": "module.NodeJSApi-A",
      "mode": "managed",
      "type": "digitalocean_droplet",
      "name": "salt_minion",
      "each": "list",
      "provider": "provider.digitalocean",
      "instances": [
        {
          "index_key": 0,
          "schema_version": 1,
          "attributes": {
            "backups": false,
            "disk": 60,
            "id": "147038020",
            "image": "freebsd-12-x64-zfs",
            "ipv4_address": "157.230.54.39",
            "ipv4_address_private": "",
            "ipv6": false,
            "ipv6_address": "",
            "ipv6_address_private": "",
            "locked": false,
            "memory": 2048,
            "monitoring": false,
            "name": "nodejs-api-a",
            "price_hourly": 0.02232,
            "price_monthly": 15,
            "private_networking": false,
            "region": "nyc1",
            "resize_disk": true,
            "size": "s-2vcpu-2gb",
            "ssh_keys": [
              "3b:66:34:e8:d7:90:64:c2:01:c7:37:be:c4:39:e8:f6",
              "e4:db:11:4a:36:24:19:d1:1f:e5:8b:a9:7c:d5:6b:75"
            ],
            "status": "active",
            "tags": [],
            "urn": "do:droplet:147038020",
            "user_data": null,
            "vcpus": 2,
            "volume_ids": []
          },
          "depends_on": [
            "data.template_file.grains"
          ]
        }
      ]
    },
    {
      "module": "module.Jenkins",
      "mode": "managed",
      "type": "digitalocean_droplet",
      "name": "salt_minion",
      "each": "list",
      "provider": "provider.digitalocean",
      "instances": [
        {
          "index_key": 0,
          "schema_version": 1,
          "attributes": {
            "backups": false,
            "disk": 60,
            "id": "145954246",
            "image": "freebsd-12-x64-zfs",
            "ipv4_address": "157.230.1.205",
            "ipv4_address_private": "",
            "ipv6": false,
            "ipv6_address": "",
            "ipv6_address_private": "",
            "locked": false,
            "memory": 2048,
            "monitoring": false,
            "name": "jenkins",
            "price_hourly": 0.02232,
            "price_monthly": 15,
            "private_networking": false,
            "region": "nyc1",
            "resize_disk": true,
            "size": "s-2vcpu-2gb",
            "ssh_keys": [
              "3b:66:34:e8:d7:90:64:c2:01:c7:37:be:c4:39:e8:f6",
              "e4:db:11:4a:36:24:19:d1:1f:e5:8b:a9:7c:d5:6b:75"
            ],
            "status": "active",
            "tags": [],
            "urn": "do:droplet:145954246",
            "user_data": null,
            "vcpus": 2,
            "volume_ids": []
          },
          "depends_on": [
            "data.template_file.grains"
          ]
        }
      ]
    },
    {
      "module": "module.WebRedirectEndpoint",
      "mode": "managed",
      "type": "digitalocean_droplet",
      "name": "salt_minion",
      "each": "list",
      "provider": "provider.digitalocean",
      "instances": [
        {
          "index_key": 0,
          "schema_version": 1,
          "attributes": {
            "backups": false,
            "disk": 25,
            "id": "146685897",
            "image": "freebsd-12-x64-zfs",
            "ipv4_address": "68.183.21.233",
            "ipv4_address_private": "",
            "ipv6": false,
            "ipv6_address": "",
            "ipv6_address_private": "",
            "locked": false,
            "memory": 1024,
            "monitoring": false,
            "name": "web-redirect",
            "price_hourly": 0.00744,
            "price_monthly": 5,
            "private_networking": false,
            "region": "nyc1",
            "resize_disk": true,
            "size": "s-1vcpu-1gb",
            "ssh_keys": [
              "3b:66:34:e8:d7:90:64:c2:01:c7:37:be:c4:39:e8:f6",
              "e4:db:11:4a:36:24:19:d1:1f:e5:8b:a9:7c:d5:6b:75"
            ],
            "status": "active",
            "tags": [],
            "urn": "do:droplet:146685897",
            "user_data": null,
            "vcpus": 1,
            "volume_ids": []
          },
          "depends_on": [
            "data.template_file.grains"
          ]
        }
      ]
    },
    {
      "module": "module.CouchDB-A",
      "mode": "managed",
      "type": "digitalocean_droplet",
      "name": "salt_minion",
      "each": "list",
      "provider": "provider.digitalocean",
      "instances": [
        {
          "index_key": 0,
          "schema_version": 1,
          "attributes": {
            "backups": false,
            "disk": 60,
            "id": "146335187",
            "image": "freebsd-12-x64-zfs",
            "ipv4_address": "68.183.100.110",
            "ipv4_address_private": "",
            "ipv6": false,
            "ipv6_address": "",
            "ipv6_address_private": "",
            "locked": false,
            "memory": 2048,
            "monitoring": false,
            "name": "couchdb-a",
            "price_hourly": 0.02232,
            "price_monthly": 15,
            "private_networking": false,
            "region": "nyc1",
            "resize_disk": true,
            "size": "s-2vcpu-2gb",
            "ssh_keys": [
              "3b:66:34:e8:d7:90:64:c2:01:c7:37:be:c4:39:e8:f6",
              "e4:db:11:4a:36:24:19:d1:1f:e5:8b:a9:7c:d5:6b:75"
            ],
            "status": "active",
            "tags": [],
            "urn": "do:droplet:146335187",
            "user_data": null,
            "vcpus": 2,
            "volume_ids": []
          },
          "depends_on": [
            "data.template_file.grains"
          ]
        }
      ]
    },
    {
      "mode": "managed",
      "type": "digitalocean_record",
      "name": "hushmail-1",
      "provider": "provider.digitalocean",
      "instances": [
        {
          "schema_version": 0,
          "attributes": {
            "domain": "terragon.us",
            "flags": 0,
            "fqdn": "@.terragon.us",
            "id": "73132465",
            "name": "@",
            "port": 0,
            "priority": 10,
            "tag": "",
            "ttl": 1800,
            "type": "MX",
            "value": "plsmtp2.hushmail.com.",
            "weight": 0
          }
        }
      ]
    },
    {
      "mode": "managed",
      "type": "digitalocean_record",
      "name": "hushmail-2",
      "provider": "provider.digitalocean",
      "instances": [
        {
          "schema_version": 0,
          "attributes": {
            "domain": "terragon.us",
            "flags": 0,
            "fqdn": "@.terragon.us",
            "id": "73132464",
            "name": "@",
            "port": 0,
            "priority": 10,
            "tag": "",
            "ttl": 1800,
            "type": "MX",
            "value": "plsmtp1.hushmail.com.",
            "weight": 0
          }
        }
      ]
    },
    {
      "mode": "managed",
      "type": "digitalocean_record",
      "name": "redirect",
      "each": "list",
      "provider": "provider.digitalocean",
      "instances": [
        {
          "index_key": 0,
          "schema_version": 0,
          "attributes": {
            "domain": "terragon.us",
            "flags": 0,
            "fqdn": "@.terragon.us",
            "id": "72935830",
            "name": "@",
            "port": 0,
            "priority": 0,
            "tag": "",
            "ttl": 1800,
            "type": "A",
            "value": "68.183.21.233",
            "weight": 0
          },
          "depends_on": [
            "module.WebRedirectEndpoint"
          ]
        }
      ]
    },
    {
      "module": "module.Salt_Master",
      "mode": "managed",
      "type": "digitalocean_record",
      "name": "salt_master",
      "provider": "provider.digitalocean",
      "instances": [
        {
          "schema_version": 0,
          "attributes": {
            "domain": "terragon.us",
            "flags": 0,
            "fqdn": "saltm.terragon.us",
            "id": "72521795",
            "name": "saltm",
            "port": 0,
            "priority": 0,
            "tag": "",
            "ttl": 1800,
            "type": "A",
            "value": "206.189.239.239",
            "weight": 0
          },
          "depends_on": [
            "digitalocean_droplet.salt_master"
          ]
        }
      ]
    },
    {
      "module": "module.NodeJSApi-A",
      "mode": "managed",
      "type": "digitalocean_record",
      "name": "salt_minion",
      "each": "list",
      "provider": "provider.digitalocean",
      "instances": [
        {
          "index_key": 0,
          "schema_version": 0,
          "attributes": {
            "domain": "terragon.us",
            "flags": 0,
            "fqdn": "nodejs-api-a.terragon.us",
            "id": "73137742",
            "name": "nodejs-api-a",
            "port": 0,
            "priority": 0,
            "tag": "",
            "ttl": 1800,
            "type": "A",
            "value": "157.230.54.39",
            "weight": 0
          },
          "depends_on": [
            "digitalocean_droplet.salt_minion[0]"
          ]
        }
      ]
    },
    {
      "module": "module.Jenkins",
      "mode": "managed",
      "type": "digitalocean_record",
      "name": "salt_minion",
      "each": "list",
      "provider": "provider.digitalocean",
      "instances": [
        {
          "index_key": 0,
          "schema_version": 0,
          "attributes": {
            "domain": "terragon.us",
            "flags": 0,
            "fqdn": "jenkins.terragon.us",
            "id": "72522006",
            "name": "jenkins",
            "port": 0,
            "priority": 0,
            "tag": "",
            "ttl": 1800,
            "type": "A",
            "value": "157.230.1.205",
            "weight": 0
          },
          "depends_on": [
            "digitalocean_droplet.salt_minion[0]"
          ]
        }
      ]
    },
    {
      "module": "module.WebRedirectEndpoint",
      "mode": "managed",
      "type": "digitalocean_record",
      "name": "salt_minion",
      "each": "list",
      "provider": "provider.digitalocean",
      "instances": [
        {
          "index_key": 0,
          "schema_version": 0,
          "attributes": {
            "domain": "terragon.us",
            "flags": 0,
            "fqdn": "web-redirect.terragon.us",
            "id": "72932785",
            "name": "web-redirect",
            "port": 0,
            "priority": 0,
            "tag": "",
            "ttl": 1800,
            "type": "A",
            "value": "68.183.21.233",
            "weight": 0
          },
          "depends_on": [
            "digitalocean_droplet.salt_minion[0]"
          ]
        }
      ]
    },
    {
      "module": "module.CouchDB-A",
      "mode": "managed",
      "type": "digitalocean_record",
      "name": "salt_minion",
      "each": "list",
      "provider": "provider.digitalocean",
      "instances": [
        {
          "index_key": 0,
          "schema_version": 0,
          "attributes": {
            "domain": "terragon.us",
            "flags": 0,
            "fqdn": "couchdb-a.terragon.us",
            "id": "72723860",
            "name": "couchdb-a",
            "port": 0,
            "priority": 0,
            "tag": "",
            "ttl": 1800,
            "type": "A",
            "value": "68.183.100.110",
            "weight": 0
          },
          "depends_on": [
            "digitalocean_droplet.salt_minion[0]"
          ]
        }
      ]
    },
    {
      "mode": "managed",
      "type": "digitalocean_spaces_bucket",
      "name": "frontend",
      "provider": "provider.digitalocean",
      "instances": [
        {
          "schema_version": 0,
          "attributes": {
            "acl": "public-read",
            "bucket_domain_name": "www-terragon-us.nyc3.digitaloceanspaces.com",
            "force_destroy": false,
            "id": "www-terragon-us",
            "name": "www-terragon-us",
            "region": "nyc3",
            "urn": "do:space:www-terragon-us"
          }
        }
      ]
    },
    {
      "mode": "managed",
      "type": "digitalocean_ssh_key",
      "name": "deployer_ssh_key",
      "provider": "provider.digitalocean",
      "instances": [
        {
          "schema_version": 0,
          "attributes": {
            "fingerprint": "3b:66:34:e8:d7:90:64:c2:01:c7:37:be:c4:39:e8:f6",
            "id": "24798142",
            "name": "Deployer SSH Key",
            "public_key": "ssh-rsa AAAAB3NzaC1yc2EAAAADAQABAAABAQDGKcreemwYc6nHWX+fARq3Utz1MWcgVb+L58hIM0ESwEl/7lap2iun+Oq98/jZz4+pgGed/NzIFM/CXVh3wXY8HHwMpUYC4pxdml80JvvxzPb7vg/USaKDmGcb0YF0Od0+PFKab87f+Eu6OwSE3MB3LTgPKZ3QbcJkLOqu1oa0jIhYHTu+IppVamsD1VY4S0/bT782sr5yuYZf8wZF7WLzznKqGMjiDqkD4pxwA+TsFCYGMX1OBZiLaE0eK710287wy4rtYaG2ZclFi2rzf/0UHK82KdiBJ9KBP8NWWMwCHPr3OloUtknCEsZu3GVuBpdYLQqiyMnf1R2vkrF4ioE1 jenkins@jenkins"
          }
        }
      ]
    },
    {
      "module": "module.Salt_Master",
      "mode": "managed",
      "type": "digitalocean_ssh_key",
      "name": "salt_master_key",
      "provider": "provider.digitalocean",
      "instances": [
        {
          "schema_version": 0,
          "attributes": {
            "fingerprint": "e4:db:11:4a:36:24:19:d1:1f:e5:8b:a9:7c:d5:6b:75",
            "id": "24799816",
            "name": "Salt Master Key 206.189.239.239",
            "public_key": "ssh-rsa AAAAB3NzaC1yc2EAAAADAQABAAABAQDa1lCI/HhkhYq94Xy/gl5syOWBd6VKMS0YYJXFEvDbhV7SkF+JNscQPC3zIYJyQw4KfPLILnq5N2oBmJxmVbCmg3+/9OGqfPgfP4ixYPdhp5glWRjwDxQGMLqSNfo9jvp/reQYee8TY0cKmfCmDDXAqt76/W29JoOJx6pVixj/LYAB42B1UHo1XqPO4gw+cudu8U/dXS9eM2m+jTXgm2JtrJhQIwfURQmpA0eT1dCws7qNhvPmF4R3bh+4w6DMkNfUtLAEUCzcfEQj5adHR3flXuOlV5rRFSVABtEvQg9gcMkpVum9sLWR3rXnYll1UsaG0c5my2+OU4LDcL4C6UQh root@saltm"
          },
          "depends_on": [
            "data.local_file.salt_master_key",
            "digitalocean_droplet.salt_master"
          ]
        }
      ]
    },
    {
      "module": "module.Salt_Master",
      "mode": "managed",
      "type": "null_resource",
      "name": "master_install_configure",
      "provider": "provider.null",
      "instances": [
        {
          "schema_version": 0,
          "attributes": {
            "id": "7498923206936031459",
            "triggers": {
              "id": "145954049"
            }
          },
          "depends_on": [
            "data.template_file.grains",
            "data.template_file.master_config",
            "digitalocean_droplet.salt_master",
            "digitalocean_record.salt_master"
          ]
        }
      ]
    }
  ]
}
