{
  "version": 4,
  "terraform_version": "0.12.4",
  "serial": 489,
  "lineage": "fcc2f08b-1d42-7c9c-9627-368337cc12d9",
  "outputs": {},
  "resources": [
    {
      "module": "module.Salt_Master",
      "mode": "data",
      "type": "local_file",
      "name": "salt_master_key",
      "provider": "provider.local",
      "instances": [
        {
          "schema_version": 0,
          "attributes": {
            "content": "ssh-rsa AAAAB3NzaC1yc2EAAAADAQABAAABAQDgVgZwcrO8i59y1fxwm3+uWOR2y5pXK4BPQQjWB700ItVg0vQoDVESxwn3Cs8VKqI1fVGPIgYrXkS2DxcOuOWdndD18VzzMAKtVT/cVKUzcnJg+NjfsGXhmcxew97rcUnjLzILBCiLX9wc+voL8kp6LuaYj3S+gpMhNyjr6TicWftrOJftjGJ+q2HfcMSp+4Mlqo05JvyM0a77H/XbTeycQJKzZg4YeNk2fxvyGQkJ5M4zCEvlyVuXnAAuQvUXTpZTWkG/amT37GTZVI1Gwm/2OU/L035zqA0apGeMTqvrZCnU3mXMTn9ESNVyVAf88IyEMAGlBBN0cvbzhv4pm/il root@saltm\n",
            "filename": "modules/salt-master/../../../keys/generated/151603709.pub",
            "id": "394682769e068c93fa5235c6f13beca225793f95"
          },
          "depends_on": [
            "digitalocean_droplet.salt_master"
          ]
        }
      ]
    },
    {
      "module": "module.NodeJSApi-A",
      "mode": "data",
      "type": "template_file",
      "name": "grains",
      "provider": "provider.template",
      "instances": [
        {
          "schema_version": 0,
          "attributes": {
            "filename": null,
            "id": "c07712529bf30d3901727284413d6e46a26943e586269eb949497cd2aeff9089",
            "rendered": "roles:\n  - nodejsapi\n  - minion\nfqdn: nodejs-api-a.terragon.us\n",
            "template": "roles:\n${roles}\nfqdn: ${fqdn}\n",
            "vars": {
              "fqdn": "nodejs-api-a.terragon.us",
              "roles": "  - nodejsapi\n  - minion"
            }
          }
        }
      ]
    },
    {
      "module": "module.Jenkins",
      "mode": "data",
      "type": "template_file",
      "name": "grains",
      "provider": "provider.template",
      "instances": [
        {
          "schema_version": 0,
          "attributes": {
            "filename": null,
            "id": "b8b1e29938c019bb0d5c971e26cac5e9254344f042c2e6369a264d2ad5e2001b",
            "rendered": "roles:\n  - jenkins\n  - minion\nfqdn: jenkins.terragon.us\n",
            "template": "roles:\n${roles}\nfqdn: ${fqdn}\n",
            "vars": {
              "fqdn": "jenkins.terragon.us",
              "roles": "  - jenkins\n  - minion"
            }
          }
        }
      ]
    },
    {
      "module": "module.Salt_Master",
      "mode": "data",
      "type": "template_file",
      "name": "grains",
      "provider": "provider.template",
      "instances": [
        {
          "schema_version": 0,
          "attributes": {
            "filename": null,
            "id": "de3b5ab6c1e545d47d0a96b438c10155fcac92df8ecc5ca3c17ceace2663814b",
            "rendered": "roles:\n  - master\nfqdn: saltm.terragon.us\n",
            "template": "roles:\n${roles}\nfqdn: ${fqdn}\n",
            "vars": {
              "fqdn": "saltm.terragon.us",
              "roles": "  - master"
            }
          }
        }
      ]
    },
    {
      "module": "module.WebRedirectEndpoint",
      "mode": "data",
      "type": "template_file",
      "name": "grains",
      "provider": "provider.template",
      "instances": [
        {
          "schema_version": 0,
          "attributes": {
            "filename": null,
            "id": "2c129c6106d436218819a4831b24b58c6aca80e4c6659833e5ea6fd98d62112f",
            "rendered": "roles:\n  - redirect\n  - minion\nfqdn: web-redirect.terragon.us\n",
            "template": "roles:\n${roles}\nfqdn: ${fqdn}\n",
            "vars": {
              "fqdn": "web-redirect.terragon.us",
              "roles": "  - redirect\n  - minion"
            }
          }
        }
      ]
    },
    {
      "module": "module.CouchDB-A",
      "mode": "data",
      "type": "template_file",
      "name": "grains",
      "provider": "provider.template",
      "instances": [
        {
          "schema_version": 0,
          "attributes": {
            "filename": null,
            "id": "05f03d65ee0b68f5f62a3f6c403579da9da092881ef9b7ed16eb6434b1e6ab66",
            "rendered": "roles:\n  - couchdb\n  - minion\nfqdn: couchdb-a.terragon.us\n",
            "template": "roles:\n${roles}\nfqdn: ${fqdn}\n",
            "vars": {
              "fqdn": "couchdb-a.terragon.us",
              "roles": "  - couchdb\n  - minion"
            }
          }
        }
      ]
    },
    {
      "module": "module.Salt_Master",
      "mode": "data",
      "type": "template_file",
      "name": "master_config",
      "provider": "provider.template",
      "instances": [
        {
          "schema_version": 0,
          "attributes": {
            "filename": null,
            "id": "4485643747c7f523739a881f765810d7880a298285174a980e3c6f13ca296d59",
            "rendered": "interface: 10.136.188.91\nfileserver_backend:\n  - git\n  - minion\n  \ngitfs_remotes:\n  - https://github.com/terragon-social-club/infrastructure.git:\n    - mountpoint: salt:///\n      \ngitfs_root: salt\ntransport: zeromq\nfile_recv: True\n\nreactor:\n  - jenkins/build/succeeded:\n    - salt:///files/reactor/jenkins/post-build.sls\n",
            "template": "interface: ${private_ip}\nfileserver_backend:\n  - git\n  - minion\n  \ngitfs_remotes:\n  - https://github.com/terragon-social-club/infrastructure.git:\n    - mountpoint: salt:///\n      \ngitfs_root: salt\ntransport: zeromq\nfile_recv: True\n\nreactor:\n  - jenkins/build/succeeded:\n    - salt:///files/reactor/jenkins/post-build.sls\n",
            "vars": {
              "private_ip": "10.136.188.91"
            }
          },
          "depends_on": [
            "digitalocean_droplet.salt_master"
          ]
        }
      ]
    },
    {
      "module": "module.Salt_Master",
      "mode": "managed",
      "type": "digitalocean_droplet",
      "name": "salt_master",
      "provider": "provider.digitalocean",
      "instances": [
        {
          "schema_version": 1,
          "attributes": {
            "backups": false,
            "disk": 20,
            "id": "151603709",
            "image": "freebsd-12-x64-zfs",
            "ipv4_address": "165.227.202.131",
            "ipv4_address_private": "10.136.188.91",
            "ipv6": false,
            "ipv6_address": "",
            "ipv6_address_private": "",
            "locked": false,
            "memory": 512,
            "monitoring": false,
            "name": "saltm",
            "price_hourly": 0.00744,
            "price_monthly": 5,
            "private_networking": true,
            "region": "nyc1",
            "resize_disk": true,
            "size": "512mb",
            "ssh_keys": [
              "2e:05:a5:d1:0f:9e:d8:4e:06:af:20:e7:d4:8b:7b:96"
            ],
            "status": "active",
            "tags": [],
            "urn": "do:droplet:151603709",
            "user_data": null,
            "vcpus": 1,
            "volume_ids": []
          }
        }
      ]
    },
    {
      "module": "module.NodeJSApi-A",
      "mode": "managed",
      "type": "digitalocean_droplet",
      "name": "salt_minion",
      "each": "list",
      "provider": "provider.digitalocean",
      "instances": []
    },
    {
      "module": "module.Jenkins",
      "mode": "managed",
      "type": "digitalocean_droplet",
      "name": "salt_minion",
      "each": "list",
      "provider": "provider.digitalocean",
      "instances": []
    },
    {
      "module": "module.WebRedirectEndpoint",
      "mode": "managed",
      "type": "digitalocean_droplet",
      "name": "salt_minion",
      "each": "list",
      "provider": "provider.digitalocean",
      "instances": [
        {
          "index_key": 0,
          "schema_version": 1,
          "attributes": {
            "backups": false,
            "disk": 25,
            "id": "146685897",
            "image": "freebsd-12-x64-zfs",
            "ipv4_address": "68.183.21.233",
            "ipv4_address_private": "10.136.135.118",
            "ipv6": false,
            "ipv6_address": "",
            "ipv6_address_private": "",
            "locked": false,
            "memory": 1024,
            "monitoring": false,
            "name": "web-redirect",
            "price_hourly": 0.00744,
            "price_monthly": 5,
            "private_networking": true,
            "region": "nyc1",
            "resize_disk": true,
            "size": "s-1vcpu-1gb",
            "ssh_keys": [
              "2e:05:a5:d1:0f:9e:d8:4e:06:af:20:e7:d4:8b:7b:96",
              "3c:8c:81:a5:71:e1:d6:35:8d:ef:e7:65:f7:08:f0:ed"
            ],
            "status": "active",
            "tags": [],
            "urn": "do:droplet:146685897",
            "user_data": null,
            "vcpus": 1,
            "volume_ids": []
          },
          "depends_on": [
            "data.template_file.grains"
          ]
        }
      ]
    },
    {
      "module": "module.CouchDB-A",
      "mode": "managed",
      "type": "digitalocean_droplet",
      "name": "salt_minion",
      "each": "list",
      "provider": "provider.digitalocean",
      "instances": [
        {
          "index_key": 0,
          "schema_version": 1,
          "attributes": {
            "backups": false,
            "disk": 60,
            "id": "151611930",
            "image": "freebsd-12-x64-zfs",
            "ipv4_address": "67.205.173.234",
            "ipv4_address_private": "10.136.121.26",
            "ipv6": false,
            "ipv6_address": "",
            "ipv6_address_private": "",
            "locked": false,
            "memory": 2048,
            "monitoring": false,
            "name": "couchdb-a",
            "price_hourly": 0.02232,
            "price_monthly": 15,
            "private_networking": true,
            "region": "nyc1",
            "resize_disk": true,
            "size": "s-2vcpu-2gb",
            "ssh_keys": [
              "2e:05:a5:d1:0f:9e:d8:4e:06:af:20:e7:d4:8b:7b:96",
              "3c:8c:81:a5:71:e1:d6:35:8d:ef:e7:65:f7:08:f0:ed"
            ],
            "status": "active",
            "tags": [],
            "urn": "do:droplet:151611930",
            "user_data": null,
            "vcpus": 2,
            "volume_ids": []
          },
          "depends_on": [
            "data.template_file.grains"
          ]
        }
      ]
    },
    {
      "module": "module.Firewalls",
      "mode": "managed",
      "type": "digitalocean_firewall",
      "name": "basic_traffic_flow",
      "provider": "provider.digitalocean",
      "instances": [
        {
          "schema_version": 0,
          "attributes": {
            "created_at": null,
            "droplet_ids": [
              151603709,
              151611930
            ],
            "id": "0fe73b19-0565-46d6-87df-bc8393a61f46",
            "inbound_rule": [],
            "name": "Basic-Rules",
            "outbound_rule": [
              {
                "destination_addresses": [
                  "0.0.0.0/0"
                ],
                "destination_droplet_ids": [],
                "destination_load_balancer_uids": [],
                "destination_tags": [],
                "port_range": "",
                "protocol": "icmp"
              },
              {
                "destination_addresses": [
                  "0.0.0.0/0"
                ],
                "destination_droplet_ids": [],
                "destination_load_balancer_uids": [],
                "destination_tags": [],
                "port_range": "1-65535",
                "protocol": "tcp"
              },
              {
                "destination_addresses": [
                  "0.0.0.0/0"
                ],
                "destination_droplet_ids": [],
                "destination_load_balancer_uids": [],
                "destination_tags": [],
                "port_range": "1-65535",
                "protocol": "udp"
              }
            ],
            "pending_changes": [],
            "status": "succeeded",
            "tags": []
          }
        }
      ]
    },
    {
      "module": "module.Firewalls",
      "mode": "managed",
      "type": "digitalocean_firewall",
      "name": "minions_master_ping_each_other",
      "provider": "provider.digitalocean",
      "instances": [
        {
          "schema_version": 0,
          "attributes": {
            "created_at": null,
            "droplet_ids": [
              151603709,
              151611930
            ],
            "id": "91d7b81e-c1f0-4fa4-a908-28e50bf4047c",
            "inbound_rule": [
              {
                "port_range": "",
                "protocol": "icmp",
                "source_addresses": [
                  "10.136.121.26",
                  "10.136.188.91"
                ],
                "source_droplet_ids": [],
                "source_load_balancer_uids": [],
                "source_tags": []
              }
            ],
            "name": "Minions-Master-Ping-Each-Other",
            "outbound_rule": [],
            "pending_changes": [
              {
                "droplet_id": 151603709,
                "removing": false,
                "status": "waiting"
              },
              {
                "droplet_id": 151611930,
                "removing": false,
                "status": "waiting"
              }
            ],
            "status": "waiting",
            "tags": null
          },
          "private": "bnVsbA=="
        }
      ]
    },
    {
      "module": "module.Firewalls",
      "mode": "managed",
      "type": "digitalocean_firewall",
      "name": "minions_to_salt_master_public",
      "provider": "provider.digitalocean",
      "instances": [
        {
          "schema_version": 0,
          "attributes": {
            "created_at": null,
            "droplet_ids": [
              151603709
            ],
            "id": "2beb461b-3400-4559-b90e-f1014202b418",
            "inbound_rule": [
              {
                "port_range": "4505-4506",
                "protocol": "tcp",
                "source_addresses": [
                  "0.0.0.0/0"
                ],
                "source_droplet_ids": [],
                "source_load_balancer_uids": [],
                "source_tags": []
              }
            ],
            "name": "Minions-To-Salt-Master",
            "outbound_rule": [],
            "pending_changes": [],
            "status": "succeeded",
            "tags": []
          }
        }
      ]
    },
    {
      "module": "module.Firewalls",
      "mode": "managed",
      "type": "digitalocean_firewall",
      "name": "ssh_public_to_salt_master_public",
      "provider": "provider.digitalocean",
      "instances": [
        {
          "schema_version": 0,
          "attributes": {
            "created_at": null,
            "droplet_ids": [
              151603709
            ],
            "id": "799ad132-ed27-43b8-9ced-c2c6d95f66ce",
            "inbound_rule": [
              {
                "port_range": "22",
                "protocol": "tcp",
                "source_addresses": [
                  "0.0.0.0/0"
                ],
                "source_droplet_ids": [],
                "source_load_balancer_uids": [],
                "source_tags": []
              }
            ],
            "name": "Public-To-Salt-Master",
            "outbound_rule": [],
            "pending_changes": [],
            "status": "succeeded",
            "tags": []
          }
        }
      ]
    },
    {
      "module": "module.Firewalls",
      "mode": "managed",
      "type": "digitalocean_firewall",
      "name": "ssh_salt_master_to_minions_private",
      "provider": "provider.digitalocean",
      "instances": [
        {
          "schema_version": 0,
          "attributes": {
            "created_at": null,
            "droplet_ids": [
              151611930
            ],
            "id": "66f9700f-ba55-4851-abc5-479ca9946dbc",
            "inbound_rule": [
              {
                "port_range": "22",
                "protocol": "tcp",
                "source_addresses": [
                  "10.136.188.91"
                ],
                "source_droplet_ids": [],
                "source_load_balancer_uids": [],
                "source_tags": []
              }
            ],
            "name": "SSH-Salt-Master-To-Minions",
            "outbound_rule": [],
            "pending_changes": [],
            "status": "succeeded",
            "tags": []
          }
        }
      ]
    },
    {
      "mode": "managed",
      "type": "digitalocean_record",
      "name": "hushmail-1",
      "provider": "provider.digitalocean",
      "instances": [
        {
          "schema_version": 0,
          "attributes": {
            "domain": "terragon.us",
            "flags": 0,
            "fqdn": "@.terragon.us",
            "id": "73132465",
            "name": "@",
            "port": 0,
            "priority": 10,
            "tag": "",
            "ttl": 1800,
            "type": "MX",
            "value": "plsmtp2.hushmail.com.",
            "weight": 0
          }
        }
      ]
    },
    {
      "mode": "managed",
      "type": "digitalocean_record",
      "name": "hushmail-2",
      "provider": "provider.digitalocean",
      "instances": [
        {
          "schema_version": 0,
          "attributes": {
            "domain": "terragon.us",
            "flags": 0,
            "fqdn": "@.terragon.us",
            "id": "73132464",
            "name": "@",
            "port": 0,
            "priority": 10,
            "tag": "",
            "ttl": 1800,
            "type": "MX",
            "value": "plsmtp1.hushmail.com.",
            "weight": 0
          }
        }
      ]
    },
    {
      "mode": "managed",
      "type": "digitalocean_record",
      "name": "redirect",
      "each": "list",
      "provider": "provider.digitalocean",
      "instances": [
        {
          "index_key": 0,
          "schema_version": 0,
          "attributes": {
            "domain": "terragon.us",
            "flags": 0,
            "fqdn": "@.terragon.us",
            "id": "72935830",
            "name": "@",
            "port": 0,
            "priority": 0,
            "tag": "",
            "ttl": 1800,
            "type": "A",
            "value": "68.183.21.233",
            "weight": 0
          },
          "depends_on": [
            "module.WebRedirectEndpoint"
          ]
        }
      ]
    },
    {
      "module": "module.Salt_Master",
      "mode": "managed",
      "type": "digitalocean_record",
      "name": "salt_master",
      "provider": "provider.digitalocean",
      "instances": [
        {
          "schema_version": 0,
          "attributes": {
            "domain": "terragon.us",
            "flags": 0,
            "fqdn": "saltm.terragon.us",
            "id": "72521795",
            "name": "saltm",
            "port": 0,
            "priority": 0,
            "tag": "",
            "ttl": 1800,
            "type": "A",
            "value": "165.227.202.131",
            "weight": 0
          },
          "depends_on": [
            "digitalocean_droplet.salt_master"
          ]
        }
      ]
    },
    {
      "module": "module.Salt_Master",
      "mode": "managed",
      "type": "digitalocean_record",
      "name": "salt_master_private",
      "provider": "provider.digitalocean",
      "instances": [
        {
          "schema_version": 0,
          "attributes": {
            "domain": "terragon.us",
            "flags": 0,
            "fqdn": "saltm.private.terragon.us",
            "id": "75640569",
            "name": "saltm.private",
            "port": 0,
            "priority": 0,
            "tag": "",
            "ttl": 1800,
            "type": "A",
            "value": "10.136.188.91",
            "weight": 0
          },
          "depends_on": [
            "digitalocean_droplet.salt_master"
          ]
        }
      ]
    },
    {
      "module": "module.NodeJSApi-A",
      "mode": "managed",
      "type": "digitalocean_record",
      "name": "salt_minion_private",
      "each": "list",
      "provider": "provider.digitalocean",
      "instances": []
    },
    {
      "module": "module.Jenkins",
      "mode": "managed",
      "type": "digitalocean_record",
      "name": "salt_minion_private",
      "each": "list",
      "provider": "provider.digitalocean",
      "instances": []
    },
    {
      "module": "module.WebRedirectEndpoint",
      "mode": "managed",
      "type": "digitalocean_record",
      "name": "salt_minion_private",
      "each": "list",
      "provider": "provider.digitalocean",
      "instances": [
        {
          "index_key": 0,
          "schema_version": 0,
          "attributes": {
            "domain": "terragon.us",
            "flags": 0,
            "fqdn": "web-redirect.private.terragon.us",
            "id": "75640696",
            "name": "web-redirect.private",
            "port": 0,
            "priority": 0,
            "tag": "",
            "ttl": 1800,
            "type": "A",
            "value": "10.136.135.118",
            "weight": 0
          },
          "depends_on": [
            "digitalocean_droplet.salt_minion[0]"
          ]
        }
      ]
    },
    {
      "module": "module.CouchDB-A",
      "mode": "managed",
      "type": "digitalocean_record",
      "name": "salt_minion_private",
      "each": "list",
      "provider": "provider.digitalocean",
      "instances": [
        {
          "index_key": 0,
          "schema_version": 0,
          "attributes": {
            "domain": "terragon.us",
            "flags": 0,
            "fqdn": "couchdb-a.private.terragon.us",
            "id": "75640697",
            "name": "couchdb-a.private",
            "port": 0,
            "priority": 0,
            "tag": "",
            "ttl": 1800,
            "type": "A",
            "value": "10.136.121.26",
            "weight": 0
          },
          "depends_on": [
            "digitalocean_droplet.salt_minion[0]"
          ]
        }
      ]
    },
    {
      "module": "module.NodeJSApi-A",
      "mode": "managed",
      "type": "digitalocean_record",
      "name": "salt_minion_public",
      "each": "list",
      "provider": "provider.digitalocean",
      "instances": []
    },
    {
      "module": "module.Jenkins",
      "mode": "managed",
      "type": "digitalocean_record",
      "name": "salt_minion_public",
      "each": "list",
      "provider": "provider.digitalocean",
      "instances": []
    },
    {
      "module": "module.WebRedirectEndpoint",
      "mode": "managed",
      "type": "digitalocean_record",
      "name": "salt_minion_public",
      "each": "list",
      "provider": "provider.digitalocean",
      "instances": [
        {
          "index_key": 0,
          "schema_version": 0,
          "attributes": {
            "domain": "terragon.us",
            "flags": 0,
            "fqdn": "web-redirect.terragon.us",
            "id": "75640570",
            "name": "web-redirect",
            "port": 0,
            "priority": 0,
            "tag": "",
            "ttl": 1800,
            "type": "A",
            "value": "68.183.21.233",
            "weight": 0
          },
          "depends_on": [
            "digitalocean_droplet.salt_minion[0]"
          ]
        }
      ]
    },
    {
      "module": "module.CouchDB-A",
      "mode": "managed",
      "type": "digitalocean_record",
      "name": "salt_minion_public",
      "each": "list",
      "provider": "provider.digitalocean",
      "instances": [
        {
          "index_key": 0,
          "schema_version": 0,
          "attributes": {
            "domain": "terragon.us",
            "flags": 0,
            "fqdn": "couchdb-a.terragon.us",
            "id": "75640571",
            "name": "couchdb-a",
            "port": 0,
            "priority": 0,
            "tag": "",
            "ttl": 1800,
            "type": "A",
            "value": "67.205.173.234",
            "weight": 0
          },
          "depends_on": [
            "digitalocean_droplet.salt_minion[0]"
          ]
        }
      ]
    },
    {
      "mode": "managed",
      "type": "digitalocean_spaces_bucket",
      "name": "frontend",
      "provider": "provider.digitalocean",
      "instances": [
        {
          "schema_version": 0,
          "attributes": {
            "acl": "public-read",
            "bucket_domain_name": "www-terragon-us.nyc3.digitaloceanspaces.com",
            "force_destroy": false,
            "id": "www-terragon-us",
            "name": "www-terragon-us",
            "region": "nyc3",
            "urn": "do:space:www-terragon-us"
          }
        }
      ]
    },
    {
      "mode": "managed",
      "type": "digitalocean_ssh_key",
      "name": "deployer_ssh_key",
      "provider": "provider.digitalocean",
      "instances": [
        {
          "schema_version": 0,
          "attributes": {
            "fingerprint": "2e:05:a5:d1:0f:9e:d8:4e:06:af:20:e7:d4:8b:7b:96",
            "id": "25062300",
            "name": "Deployer SSH Key",
            "public_key": "ssh-rsa AAAAB3NzaC1yc2EAAAADAQABAAABAQDCCoAzVL4lES4Y7IWt/OuQVc7IIOzcFS40zslLW1hhwAiIgVC2Rt5K3yTYS+WlPj7KTg6Dq+lRVnSxwzXXZlNWVPuMJtNsUVhv5DjUnw+7ASj1ggfAglhtcmaMSyP96kT3w9IqWibwRWW9yxalDOa71cEYu/zVadWIRkH8j6dQkZpK2YojkCyMWHJ4q+BDcgeI96s5Wlw2vFifkPDfTK4vG7cOIlarTsA0gl8sXOf/XO5iuAVYLqvRMgvGsFWhB90NllzJ9gSuo8is59xdQfCzzL0PoZtkwf0LSoGGGfkedQYk8RbR8vshSXEls85jspqRnxczB57YMfyfXOZ43UeB mkeen@membersuite.com"
          }
        }
      ]
    },
    {
      "module": "module.Salt_Master",
      "mode": "managed",
      "type": "digitalocean_ssh_key",
      "name": "salt_master_key",
      "provider": "provider.digitalocean",
      "instances": [
        {
          "schema_version": 0,
          "attributes": {
            "fingerprint": "3c:8c:81:a5:71:e1:d6:35:8d:ef:e7:65:f7:08:f0:ed",
            "id": "25067897",
            "name": "Salt Master Key 10.136.188.91",
            "public_key": "ssh-rsa AAAAB3NzaC1yc2EAAAADAQABAAABAQDgVgZwcrO8i59y1fxwm3+uWOR2y5pXK4BPQQjWB700ItVg0vQoDVESxwn3Cs8VKqI1fVGPIgYrXkS2DxcOuOWdndD18VzzMAKtVT/cVKUzcnJg+NjfsGXhmcxew97rcUnjLzILBCiLX9wc+voL8kp6LuaYj3S+gpMhNyjr6TicWftrOJftjGJ+q2HfcMSp+4Mlqo05JvyM0a77H/XbTeycQJKzZg4YeNk2fxvyGQkJ5M4zCEvlyVuXnAAuQvUXTpZTWkG/amT37GTZVI1Gwm/2OU/L035zqA0apGeMTqvrZCnU3mXMTn9ESNVyVAf88IyEMAGlBBN0cvbzhv4pm/il root@saltm"
          },
          "private": "bnVsbA==",
          "depends_on": [
            "data.local_file.salt_master_key",
            "digitalocean_droplet.salt_master"
          ]
        }
      ]
    },
    {
      "module": "module.Salt_Master",
      "mode": "managed",
      "type": "null_resource",
      "name": "master_install_configure",
      "provider": "provider.null",
      "instances": [
        {
          "schema_version": 0,
          "attributes": {
            "id": "109522127326848305",
            "triggers": {
              "id": "151603709"
            }
          },
          "depends_on": [
            "data.template_file.grains",
            "data.template_file.master_config",
            "digitalocean_droplet.salt_master",
            "digitalocean_record.salt_master"
          ]
        }
      ]
    }
  ]
}
